# THIS IS AN AUTOGENERATED FILE. DO NOT EDIT THIS FILE DIRECTLY.
# yarn lockfile v1


uid2@^1.0.0:
  version "1.0.0"
  resolved "https://registry.yarnpkg.com/uid2/-/uid2-1.0.0.tgz#ef8d95a128d7c5c44defa1a3d052eecc17a06bfb"
  integrity sha512-+I6aJUv63YAcY9n4mQreLUt0d4lvwkkopDNmpomkAUz0fAkEMV9pRWxN0EjhW1YfRhcuyHg2v3mwddCDW1+LFQ==
